// !$*UTF8*$!
{
	archiveVersion = 1;
	classes = {
	};
	objectVersion = 48;
	objects = {

/* Begin PBXBuildFile section */
		2216B0704AB43C97E7BBB322 /* Pods_OSUResearchMatters.framework in Frameworks */ = {isa = PBXBuildFile; fileRef = EA447C4434E0F0ED96AC2F91 /* Pods_OSUResearchMatters.framework */; };
		307D4E73ABD2EE7C77FCF281 /* Pods_OSUResearchMattersTests.framework in Frameworks */ = {isa = PBXBuildFile; fileRef = 55DD3FE18104A035C02083A9 /* Pods_OSUResearchMattersTests.framework */; };
		732E75251FEC528A00C52600 /* NewsFeedTableViewCell.swift in Sources */ = {isa = PBXBuildFile; fileRef = 732E75241FEC528A00C52600 /* NewsFeedTableViewCell.swift */; };
		737474581FFEED40005396DE /* ColorCode.swift in Sources */ = {isa = PBXBuildFile; fileRef = 737474571FFEED40005396DE /* ColorCode.swift */; };
		73B4FA721FFC5151004828EB /* CalendarDetailViewController.swift in Sources */ = {isa = PBXBuildFile; fileRef = 73B4FA711FFC5151004828EB /* CalendarDetailViewController.swift */; };
		73B4FA761FFD9479004828EB /* CalendarDetailTableViewCell.swift in Sources */ = {isa = PBXBuildFile; fileRef = 73B4FA751FFD9479004828EB /* CalendarDetailTableViewCell.swift */; };
		73BFC34A1FF424F800BB1C11 /* CalendarTableViewController.swift in Sources */ = {isa = PBXBuildFile; fileRef = 73BFC3491FF424F800BB1C11 /* CalendarTableViewController.swift */; };
		73BFC34D1FF428C300BB1C11 /* DayTableViewCell.swift in Sources */ = {isa = PBXBuildFile; fileRef = 73BFC34C1FF428C300BB1C11 /* DayTableViewCell.swift */; };
		73BFC34F1FF42D5300BB1C11 /* EventsTableViewCell.swift in Sources */ = {isa = PBXBuildFile; fileRef = 73BFC34E1FF42D5300BB1C11 /* EventsTableViewCell.swift */; };
		73BFC3581FF5BFDA00BB1C11 /* ConsolePrintManager.swift in Sources */ = {isa = PBXBuildFile; fileRef = 73BFC3571FF5BFDA00BB1C11 /* ConsolePrintManager.swift */; };
		73C0BCE51FEEED6800DED67E /* WebViewViewController.swift in Sources */ = {isa = PBXBuildFile; fileRef = 73C0BCE41FEEED6800DED67E /* WebViewViewController.swift */; };
		73C0BD371FEF06D300DED67E /* Event.swift in Sources */ = {isa = PBXBuildFile; fileRef = 73C0BD321FEF06D300DED67E /* Event.swift */; };
		73C0BD381FEF06D300DED67E /* CSwiftV.swift in Sources */ = {isa = PBXBuildFile; fileRef = 73C0BD331FEF06D300DED67E /* CSwiftV.swift */; };
		73C0BD3A1FEF06D300DED67E /* CSVDataManager.swift in Sources */ = {isa = PBXBuildFile; fileRef = 73C0BD351FEF06D300DED67E /* CSVDataManager.swift */; };
		73D3C40B1FE99D550028FF0C /* AppDelegate.swift in Sources */ = {isa = PBXBuildFile; fileRef = 73D3C40A1FE99D550028FF0C /* AppDelegate.swift */; };
		73D3C4121FE99D550028FF0C /* Main.storyboard in Resources */ = {isa = PBXBuildFile; fileRef = 73D3C4101FE99D550028FF0C /* Main.storyboard */; };
		73D3C4141FE99D550028FF0C /* Assets.xcassets in Resources */ = {isa = PBXBuildFile; fileRef = 73D3C4131FE99D550028FF0C /* Assets.xcassets */; };
		73D3C4171FE99D550028FF0C /* LaunchScreen.storyboard in Resources */ = {isa = PBXBuildFile; fileRef = 73D3C4151FE99D550028FF0C /* LaunchScreen.storyboard */; };
		73D3C4221FE99D550028FF0C /* OSUResearchMattersTests.swift in Sources */ = {isa = PBXBuildFile; fileRef = 73D3C4211FE99D550028FF0C /* OSUResearchMattersTests.swift */; };
		73D3C42D1FE99D550028FF0C /* OSUResearchMattersUITests.swift in Sources */ = {isa = PBXBuildFile; fileRef = 73D3C42C1FE99D550028FF0C /* OSUResearchMattersUITests.swift */; };
		73D3C43B1FE9B1B10028FF0C /* NewsFeedTableViewController.swift in Sources */ = {isa = PBXBuildFile; fileRef = 73D3C43A1FE9B1B10028FF0C /* NewsFeedTableViewController.swift */; };
		73D3C4461FE9B4C20028FF0C /* Article.swift in Sources */ = {isa = PBXBuildFile; fileRef = 73D3C4451FE9B4C20028FF0C /* Article.swift */; };
		73D3C4481FE9B7690028FF0C /* Utilities.swift in Sources */ = {isa = PBXBuildFile; fileRef = 73D3C4471FE9B7690028FF0C /* Utilities.swift */; };
		73D3C4551FE9C7150028FF0C /* DataDownloader.swift in Sources */ = {isa = PBXBuildFile; fileRef = 73D3C4541FE9C7150028FF0C /* DataDownloader.swift */; };
		73DDB1942002CDF3004F579B /* ContactsViewController.swift in Sources */ = {isa = PBXBuildFile; fileRef = 73DDB1932002CDF3004F579B /* ContactsViewController.swift */; };
		73DDB1962002CF85004F579B /* Contact.swift in Sources */ = {isa = PBXBuildFile; fileRef = 73DDB1952002CF85004F579B /* Contact.swift */; };
		73DDB1982002D0CE004F579B /* ContactInfoViewController.swift in Sources */ = {isa = PBXBuildFile; fileRef = 73DDB1972002D0CE004F579B /* ContactInfoViewController.swift */; };
		B2C0EABA69EB02FF48CA2EF8 /* Pods_OSUResearchMattersUITests.framework in Frameworks */ = {isa = PBXBuildFile; fileRef = CAC4667699D2032E55E300BC /* Pods_OSUResearchMattersUITests.framework */; };
/* End PBXBuildFile section */

/* Begin PBXContainerItemProxy section */
		73D3C41E1FE99D550028FF0C /* PBXContainerItemProxy */ = {
			isa = PBXContainerItemProxy;
			containerPortal = 73D3C3FF1FE99D550028FF0C /* Project object */;
			proxyType = 1;
			remoteGlobalIDString = 73D3C4061FE99D550028FF0C;
			remoteInfo = OSUResearchMatters;
		};
		73D3C4291FE99D550028FF0C /* PBXContainerItemProxy */ = {
			isa = PBXContainerItemProxy;
			containerPortal = 73D3C3FF1FE99D550028FF0C /* Project object */;
			proxyType = 1;
			remoteGlobalIDString = 73D3C4061FE99D550028FF0C;
			remoteInfo = OSUResearchMatters;
		};
/* End PBXContainerItemProxy section */

/* Begin PBXFileReference section */
		1E0BEC770930F03F770FCE2D /* Pods-OSUResearchMatters.release.xcconfig */ = {isa = PBXFileReference; includeInIndex = 1; lastKnownFileType = text.xcconfig; name = "Pods-OSUResearchMatters.release.xcconfig"; path = "Pods/Target Support Files/Pods-OSUResearchMatters/Pods-OSUResearchMatters.release.xcconfig"; sourceTree = "<group>"; };
		262099079EC8F1C1C81F1024 /* Pods-OSUResearchMattersTests.release.xcconfig */ = {isa = PBXFileReference; includeInIndex = 1; lastKnownFileType = text.xcconfig; name = "Pods-OSUResearchMattersTests.release.xcconfig"; path = "Pods/Target Support Files/Pods-OSUResearchMattersTests/Pods-OSUResearchMattersTests.release.xcconfig"; sourceTree = "<group>"; };
		3BEF5CF493B43CEF8A2D5A69 /* Pods-OSUResearchMattersUITests.debug.xcconfig */ = {isa = PBXFileReference; includeInIndex = 1; lastKnownFileType = text.xcconfig; name = "Pods-OSUResearchMattersUITests.debug.xcconfig"; path = "Pods/Target Support Files/Pods-OSUResearchMattersUITests/Pods-OSUResearchMattersUITests.debug.xcconfig"; sourceTree = "<group>"; };
		460C71F91177192A00731A67 /* Pods-OSUResearchMattersTests.debug.xcconfig */ = {isa = PBXFileReference; includeInIndex = 1; lastKnownFileType = text.xcconfig; name = "Pods-OSUResearchMattersTests.debug.xcconfig"; path = "Pods/Target Support Files/Pods-OSUResearchMattersTests/Pods-OSUResearchMattersTests.debug.xcconfig"; sourceTree = "<group>"; };
		55DD3FE18104A035C02083A9 /* Pods_OSUResearchMattersTests.framework */ = {isa = PBXFileReference; explicitFileType = wrapper.framework; includeInIndex = 0; path = Pods_OSUResearchMattersTests.framework; sourceTree = BUILT_PRODUCTS_DIR; };
		732E75241FEC528A00C52600 /* NewsFeedTableViewCell.swift */ = {isa = PBXFileReference; lastKnownFileType = sourcecode.swift; path = NewsFeedTableViewCell.swift; sourceTree = "<group>"; };
		737474571FFEED40005396DE /* ColorCode.swift */ = {isa = PBXFileReference; lastKnownFileType = sourcecode.swift; path = ColorCode.swift; sourceTree = "<group>"; };
		73B4FA711FFC5151004828EB /* CalendarDetailViewController.swift */ = {isa = PBXFileReference; lastKnownFileType = sourcecode.swift; path = CalendarDetailViewController.swift; sourceTree = "<group>"; };
		73B4FA751FFD9479004828EB /* CalendarDetailTableViewCell.swift */ = {isa = PBXFileReference; fileEncoding = 4; lastKnownFileType = sourcecode.swift; path = CalendarDetailTableViewCell.swift; sourceTree = "<group>"; };
		73BFC3491FF424F800BB1C11 /* CalendarTableViewController.swift */ = {isa = PBXFileReference; lastKnownFileType = sourcecode.swift; path = CalendarTableViewController.swift; sourceTree = "<group>"; };
		73BFC34C1FF428C300BB1C11 /* DayTableViewCell.swift */ = {isa = PBXFileReference; lastKnownFileType = sourcecode.swift; path = DayTableViewCell.swift; sourceTree = "<group>"; };
		73BFC34E1FF42D5300BB1C11 /* EventsTableViewCell.swift */ = {isa = PBXFileReference; lastKnownFileType = sourcecode.swift; path = EventsTableViewCell.swift; sourceTree = "<group>"; };
		73BFC3571FF5BFDA00BB1C11 /* ConsolePrintManager.swift */ = {isa = PBXFileReference; lastKnownFileType = sourcecode.swift; path = ConsolePrintManager.swift; sourceTree = "<group>"; };
		73C0BCE41FEEED6800DED67E /* WebViewViewController.swift */ = {isa = PBXFileReference; lastKnownFileType = sourcecode.swift; path = WebViewViewController.swift; sourceTree = "<group>"; };
		73C0BD321FEF06D300DED67E /* Event.swift */ = {isa = PBXFileReference; fileEncoding = 4; lastKnownFileType = sourcecode.swift; path = Event.swift; sourceTree = "<group>"; };
		73C0BD331FEF06D300DED67E /* CSwiftV.swift */ = {isa = PBXFileReference; fileEncoding = 4; lastKnownFileType = sourcecode.swift; path = CSwiftV.swift; sourceTree = "<group>"; };
		73C0BD351FEF06D300DED67E /* CSVDataManager.swift */ = {isa = PBXFileReference; fileEncoding = 4; lastKnownFileType = sourcecode.swift; path = CSVDataManager.swift; sourceTree = "<group>"; };
		73D3C4071FE99D550028FF0C /* OSUResearchMatters.app */ = {isa = PBXFileReference; explicitFileType = wrapper.application; includeInIndex = 0; path = OSUResearchMatters.app; sourceTree = BUILT_PRODUCTS_DIR; };
		73D3C40A1FE99D550028FF0C /* AppDelegate.swift */ = {isa = PBXFileReference; lastKnownFileType = sourcecode.swift; path = AppDelegate.swift; sourceTree = "<group>"; };
		73D3C4111FE99D550028FF0C /* Base */ = {isa = PBXFileReference; lastKnownFileType = file.storyboard; name = Base; path = Base.lproj/Main.storyboard; sourceTree = "<group>"; };
		73D3C4131FE99D550028FF0C /* Assets.xcassets */ = {isa = PBXFileReference; lastKnownFileType = folder.assetcatalog; path = Assets.xcassets; sourceTree = "<group>"; };
		73D3C4161FE99D550028FF0C /* Base */ = {isa = PBXFileReference; lastKnownFileType = file.storyboard; name = Base; path = Base.lproj/LaunchScreen.storyboard; sourceTree = "<group>"; };
		73D3C4181FE99D550028FF0C /* Info.plist */ = {isa = PBXFileReference; lastKnownFileType = text.plist.xml; path = Info.plist; sourceTree = "<group>"; };
		73D3C41D1FE99D550028FF0C /* OSUResearchMattersTests.xctest */ = {isa = PBXFileReference; explicitFileType = wrapper.cfbundle; includeInIndex = 0; path = OSUResearchMattersTests.xctest; sourceTree = BUILT_PRODUCTS_DIR; };
		73D3C4211FE99D550028FF0C /* OSUResearchMattersTests.swift */ = {isa = PBXFileReference; lastKnownFileType = sourcecode.swift; path = OSUResearchMattersTests.swift; sourceTree = "<group>"; };
		73D3C4231FE99D550028FF0C /* Info.plist */ = {isa = PBXFileReference; lastKnownFileType = text.plist.xml; path = Info.plist; sourceTree = "<group>"; };
		73D3C4281FE99D550028FF0C /* OSUResearchMattersUITests.xctest */ = {isa = PBXFileReference; explicitFileType = wrapper.cfbundle; includeInIndex = 0; path = OSUResearchMattersUITests.xctest; sourceTree = BUILT_PRODUCTS_DIR; };
		73D3C42C1FE99D550028FF0C /* OSUResearchMattersUITests.swift */ = {isa = PBXFileReference; lastKnownFileType = sourcecode.swift; path = OSUResearchMattersUITests.swift; sourceTree = "<group>"; };
		73D3C42E1FE99D550028FF0C /* Info.plist */ = {isa = PBXFileReference; lastKnownFileType = text.plist.xml; path = Info.plist; sourceTree = "<group>"; };
		73D3C43A1FE9B1B10028FF0C /* NewsFeedTableViewController.swift */ = {isa = PBXFileReference; lastKnownFileType = sourcecode.swift; path = NewsFeedTableViewController.swift; sourceTree = "<group>"; };
		73D3C4451FE9B4C20028FF0C /* Article.swift */ = {isa = PBXFileReference; lastKnownFileType = sourcecode.swift; path = Article.swift; sourceTree = "<group>"; };
		73D3C4471FE9B7690028FF0C /* Utilities.swift */ = {isa = PBXFileReference; lastKnownFileType = sourcecode.swift; path = Utilities.swift; sourceTree = "<group>"; };
		73D3C4541FE9C7150028FF0C /* DataDownloader.swift */ = {isa = PBXFileReference; fileEncoding = 4; lastKnownFileType = sourcecode.swift; path = DataDownloader.swift; sourceTree = "<group>"; };
		73DDB1932002CDF3004F579B /* ContactsViewController.swift */ = {isa = PBXFileReference; lastKnownFileType = sourcecode.swift; path = ContactsViewController.swift; sourceTree = "<group>"; };
		73DDB1952002CF85004F579B /* Contact.swift */ = {isa = PBXFileReference; lastKnownFileType = sourcecode.swift; path = Contact.swift; sourceTree = "<group>"; };
		73DDB1972002D0CE004F579B /* ContactInfoViewController.swift */ = {isa = PBXFileReference; lastKnownFileType = sourcecode.swift; path = ContactInfoViewController.swift; sourceTree = "<group>"; };
		95A23C96D0A4F3A738EBFD74 /* Pods-OSUResearchMattersUITests.release.xcconfig */ = {isa = PBXFileReference; includeInIndex = 1; lastKnownFileType = text.xcconfig; name = "Pods-OSUResearchMattersUITests.release.xcconfig"; path = "Pods/Target Support Files/Pods-OSUResearchMattersUITests/Pods-OSUResearchMattersUITests.release.xcconfig"; sourceTree = "<group>"; };
		CAC4667699D2032E55E300BC /* Pods_OSUResearchMattersUITests.framework */ = {isa = PBXFileReference; explicitFileType = wrapper.framework; includeInIndex = 0; path = Pods_OSUResearchMattersUITests.framework; sourceTree = BUILT_PRODUCTS_DIR; };
		D314867AF9E61BCBC1754C3C /* Pods-OSUResearchMatters.debug.xcconfig */ = {isa = PBXFileReference; includeInIndex = 1; lastKnownFileType = text.xcconfig; name = "Pods-OSUResearchMatters.debug.xcconfig"; path = "Pods/Target Support Files/Pods-OSUResearchMatters/Pods-OSUResearchMatters.debug.xcconfig"; sourceTree = "<group>"; };
		EA447C4434E0F0ED96AC2F91 /* Pods_OSUResearchMatters.framework */ = {isa = PBXFileReference; explicitFileType = wrapper.framework; includeInIndex = 0; path = Pods_OSUResearchMatters.framework; sourceTree = BUILT_PRODUCTS_DIR; };
/* End PBXFileReference section */

/* Begin PBXFrameworksBuildPhase section */
		73D3C4041FE99D550028FF0C /* Frameworks */ = {
			isa = PBXFrameworksBuildPhase;
			buildActionMask = 2147483647;
			files = (
				2216B0704AB43C97E7BBB322 /* Pods_OSUResearchMatters.framework in Frameworks */,
			);
			runOnlyForDeploymentPostprocessing = 0;
		};
		73D3C41A1FE99D550028FF0C /* Frameworks */ = {
			isa = PBXFrameworksBuildPhase;
			buildActionMask = 2147483647;
			files = (
				307D4E73ABD2EE7C77FCF281 /* Pods_OSUResearchMattersTests.framework in Frameworks */,
			);
			runOnlyForDeploymentPostprocessing = 0;
		};
		73D3C4251FE99D550028FF0C /* Frameworks */ = {
			isa = PBXFrameworksBuildPhase;
			buildActionMask = 2147483647;
			files = (
				B2C0EABA69EB02FF48CA2EF8 /* Pods_OSUResearchMattersUITests.framework in Frameworks */,
			);
			runOnlyForDeploymentPostprocessing = 0;
		};
/* End PBXFrameworksBuildPhase section */

/* Begin PBXGroup section */
		27BE3FDDA14C5A4334DEADAB /* Frameworks */ = {
			isa = PBXGroup;
			children = (
				EA447C4434E0F0ED96AC2F91 /* Pods_OSUResearchMatters.framework */,
				55DD3FE18104A035C02083A9 /* Pods_OSUResearchMattersTests.framework */,
				CAC4667699D2032E55E300BC /* Pods_OSUResearchMattersUITests.framework */,
			);
			name = Frameworks;
			sourceTree = "<group>";
		};
		415FDA79554576F8468389A5 /* Pods */ = {
			isa = PBXGroup;
			children = (
				D314867AF9E61BCBC1754C3C /* Pods-OSUResearchMatters.debug.xcconfig */,
				1E0BEC770930F03F770FCE2D /* Pods-OSUResearchMatters.release.xcconfig */,
				460C71F91177192A00731A67 /* Pods-OSUResearchMattersTests.debug.xcconfig */,
				262099079EC8F1C1C81F1024 /* Pods-OSUResearchMattersTests.release.xcconfig */,
				3BEF5CF493B43CEF8A2D5A69 /* Pods-OSUResearchMattersUITests.debug.xcconfig */,
				95A23C96D0A4F3A738EBFD74 /* Pods-OSUResearchMattersUITests.release.xcconfig */,
			);
			name = Pods;
			sourceTree = "<group>";
		};
		737474551FFEED00005396DE /* Calendar Detail */ = {
			isa = PBXGroup;
			children = (
				73B4FA711FFC5151004828EB /* CalendarDetailViewController.swift */,
				73B4FA751FFD9479004828EB /* CalendarDetailTableViewCell.swift */,
			);
			path = "Calendar Detail";
			sourceTree = "<group>";
		};
		737474561FFEED21005396DE /* Main Calendar */ = {
			isa = PBXGroup;
			children = (
				73BFC3491FF424F800BB1C11 /* CalendarTableViewController.swift */,
				73BFC34C1FF428C300BB1C11 /* DayTableViewCell.swift */,
				73BFC34B1FF4289C00BB1C11 /* Events */,
			);
			path = "Main Calendar";
			sourceTree = "<group>";
		};
		73BFC3481FF424C400BB1C11 /* Calendar */ = {
			isa = PBXGroup;
			children = (
				737474571FFEED40005396DE /* ColorCode.swift */,
				737474561FFEED21005396DE /* Main Calendar */,
				737474551FFEED00005396DE /* Calendar Detail */,
			);
			path = Calendar;
			sourceTree = "<group>";
		};
		73BFC34B1FF4289C00BB1C11 /* Events */ = {
			isa = PBXGroup;
			children = (
				73BFC34E1FF42D5300BB1C11 /* EventsTableViewCell.swift */,
			);
			path = Events;
			sourceTree = "<group>";
		};
		73C0BCE31FEEED4B00DED67E /* Webview */ = {
			isa = PBXGroup;
			children = (
				73C0BCE41FEEED6800DED67E /* WebViewViewController.swift */,
			);
			path = Webview;
			sourceTree = "<group>";
		};
		73C0BD301FEF06D300DED67E /* CSVParser */ = {
			isa = PBXGroup;
			children = (
				73C0BD321FEF06D300DED67E /* Event.swift */,
				73C0BD331FEF06D300DED67E /* CSwiftV.swift */,
				73C0BD351FEF06D300DED67E /* CSVDataManager.swift */,
			);
			name = CSVParser;
			path = ../../../../../XCODE/CSVParsing/CSVParsing/CSVParser;
			sourceTree = "<group>";
		};
		73C0BD3B1FEF07EC00DED67E /* Utilities */ = {
			isa = PBXGroup;
			children = (
				73D3C4471FE9B7690028FF0C /* Utilities.swift */,
				73BFC3571FF5BFDA00BB1C11 /* ConsolePrintManager.swift */,
				73D3C4541FE9C7150028FF0C /* DataDownloader.swift */,
			);
			path = Utilities;
			sourceTree = "<group>";
		};
		73D3C3FE1FE99D550028FF0C = {
			isa = PBXGroup;
			children = (
				73D3C4091FE99D550028FF0C /* OSUResearchMatters */,
				73D3C4201FE99D550028FF0C /* OSUResearchMattersTests */,
				73D3C42B1FE99D550028FF0C /* OSUResearchMattersUITests */,
				73D3C4081FE99D550028FF0C /* Products */,
				415FDA79554576F8468389A5 /* Pods */,
				27BE3FDDA14C5A4334DEADAB /* Frameworks */,
			);
			sourceTree = "<group>";
		};
		73D3C4081FE99D550028FF0C /* Products */ = {
			isa = PBXGroup;
			children = (
				73D3C4071FE99D550028FF0C /* OSUResearchMatters.app */,
				73D3C41D1FE99D550028FF0C /* OSUResearchMattersTests.xctest */,
				73D3C4281FE99D550028FF0C /* OSUResearchMattersUITests.xctest */,
			);
			name = Products;
			sourceTree = "<group>";
		};
		73D3C4091FE99D550028FF0C /* OSUResearchMatters */ = {
			isa = PBXGroup;
			children = (
				73D3C40A1FE99D550028FF0C /* AppDelegate.swift */,
				73D3C4101FE99D550028FF0C /* Main.storyboard */,
				73C0BD3B1FEF07EC00DED67E /* Utilities */,
				73C0BD301FEF06D300DED67E /* CSVParser */,
				73BFC3481FF424C400BB1C11 /* Calendar */,
				73D3C43E1FE9B1CD0028FF0C /* News Feed */,
				73DDB1922002CDC6004F579B /* Contact */,
				73D3C4131FE99D550028FF0C /* Assets.xcassets */,
				73D3C4151FE99D550028FF0C /* LaunchScreen.storyboard */,
				73D3C4181FE99D550028FF0C /* Info.plist */,
			);
			path = OSUResearchMatters;
			sourceTree = "<group>";
		};
		73D3C4201FE99D550028FF0C /* OSUResearchMattersTests */ = {
			isa = PBXGroup;
			children = (
				73D3C4211FE99D550028FF0C /* OSUResearchMattersTests.swift */,
				73D3C4231FE99D550028FF0C /* Info.plist */,
			);
			path = OSUResearchMattersTests;
			sourceTree = "<group>";
		};
		73D3C42B1FE99D550028FF0C /* OSUResearchMattersUITests */ = {
			isa = PBXGroup;
			children = (
				73D3C42C1FE99D550028FF0C /* OSUResearchMattersUITests.swift */,
				73D3C42E1FE99D550028FF0C /* Info.plist */,
			);
			path = OSUResearchMattersUITests;
			sourceTree = "<group>";
		};
		73D3C43E1FE9B1CD0028FF0C /* News Feed */ = {
			isa = PBXGroup;
			children = (
				73D3C43A1FE9B1B10028FF0C /* NewsFeedTableViewController.swift */,
				732E75241FEC528A00C52600 /* NewsFeedTableViewCell.swift */,
				73D3C4451FE9B4C20028FF0C /* Article.swift */,
				73C0BCE31FEEED4B00DED67E /* Webview */,
			);
			path = "News Feed";
			sourceTree = "<group>";
		};
		73DDB1922002CDC6004F579B /* Contact */ = {
			isa = PBXGroup;
			children = (
				73DDB1932002CDF3004F579B /* ContactsViewController.swift */,
				73DDB1972002D0CE004F579B /* ContactInfoViewController.swift */,
				73DDB1952002CF85004F579B /* Contact.swift */,
			);
			path = Contact;
			sourceTree = "<group>";
		};
/* End PBXGroup section */

/* Begin PBXNativeTarget section */
		73D3C4061FE99D550028FF0C /* OSUResearchMatters */ = {
			isa = PBXNativeTarget;
			buildConfigurationList = 73D3C4311FE99D550028FF0C /* Build configuration list for PBXNativeTarget "OSUResearchMatters" */;
			buildPhases = (
				291F20C08B16C4577E205485 /* [CP] Check Pods Manifest.lock */,
				73D3C4031FE99D550028FF0C /* Sources */,
				73D3C4041FE99D550028FF0C /* Frameworks */,
				73D3C4051FE99D550028FF0C /* Resources */,
				06014D1B5684C4F23DEED793 /* [CP] Embed Pods Frameworks */,
				1978D8CF6C7983C194E96E1C /* [CP] Copy Pods Resources */,
			);
			buildRules = (
			);
			dependencies = (
			);
			name = OSUResearchMatters;
			productName = OSUResearchMatters;
			productReference = 73D3C4071FE99D550028FF0C /* OSUResearchMatters.app */;
			productType = "com.apple.product-type.application";
		};
		73D3C41C1FE99D550028FF0C /* OSUResearchMattersTests */ = {
			isa = PBXNativeTarget;
			buildConfigurationList = 73D3C4341FE99D550028FF0C /* Build configuration list for PBXNativeTarget "OSUResearchMattersTests" */;
			buildPhases = (
				5DF36AD50AFF93F2EF99848E /* [CP] Check Pods Manifest.lock */,
				73D3C4191FE99D550028FF0C /* Sources */,
				73D3C41A1FE99D550028FF0C /* Frameworks */,
				73D3C41B1FE99D550028FF0C /* Resources */,
				5BD413E64E17F29F8F6472F3 /* [CP] Embed Pods Frameworks */,
				2E017F46E38085DBDFD3955F /* [CP] Copy Pods Resources */,
			);
			buildRules = (
			);
			dependencies = (
				73D3C41F1FE99D550028FF0C /* PBXTargetDependency */,
			);
			name = OSUResearchMattersTests;
			productName = OSUResearchMattersTests;
			productReference = 73D3C41D1FE99D550028FF0C /* OSUResearchMattersTests.xctest */;
			productType = "com.apple.product-type.bundle.unit-test";
		};
		73D3C4271FE99D550028FF0C /* OSUResearchMattersUITests */ = {
			isa = PBXNativeTarget;
			buildConfigurationList = 73D3C4371FE99D550028FF0C /* Build configuration list for PBXNativeTarget "OSUResearchMattersUITests" */;
			buildPhases = (
				598DA41F59E3775ECCE1893D /* [CP] Check Pods Manifest.lock */,
				73D3C4241FE99D550028FF0C /* Sources */,
				73D3C4251FE99D550028FF0C /* Frameworks */,
				73D3C4261FE99D550028FF0C /* Resources */,
				308D7B73F6F608F3434BC45C /* [CP] Embed Pods Frameworks */,
				64E518AB1249B59E1AD43A2F /* [CP] Copy Pods Resources */,
			);
			buildRules = (
			);
			dependencies = (
				73D3C42A1FE99D550028FF0C /* PBXTargetDependency */,
			);
			name = OSUResearchMattersUITests;
			productName = OSUResearchMattersUITests;
			productReference = 73D3C4281FE99D550028FF0C /* OSUResearchMattersUITests.xctest */;
			productType = "com.apple.product-type.bundle.ui-testing";
		};
/* End PBXNativeTarget section */

/* Begin PBXProject section */
		73D3C3FF1FE99D550028FF0C /* Project object */ = {
			isa = PBXProject;
			attributes = {
				LastSwiftUpdateCheck = 0920;
				LastUpgradeCheck = 0920;
				ORGANIZATIONNAME = "Oklahoma State University";
				TargetAttributes = {
					73D3C4061FE99D550028FF0C = {
						CreatedOnToolsVersion = 9.2;
						ProvisioningStyle = Automatic;
					};
					73D3C41C1FE99D550028FF0C = {
						CreatedOnToolsVersion = 9.2;
						ProvisioningStyle = Automatic;
						TestTargetID = 73D3C4061FE99D550028FF0C;
					};
					73D3C4271FE99D550028FF0C = {
						CreatedOnToolsVersion = 9.2;
						ProvisioningStyle = Automatic;
						TestTargetID = 73D3C4061FE99D550028FF0C;
					};
				};
			};
			buildConfigurationList = 73D3C4021FE99D550028FF0C /* Build configuration list for PBXProject "OSUResearchMatters" */;
			compatibilityVersion = "Xcode 8.0";
			developmentRegion = en;
			hasScannedForEncodings = 0;
			knownRegions = (
				en,
				Base,
			);
			mainGroup = 73D3C3FE1FE99D550028FF0C;
			productRefGroup = 73D3C4081FE99D550028FF0C /* Products */;
			projectDirPath = "";
			projectRoot = "";
			targets = (
				73D3C4061FE99D550028FF0C /* OSUResearchMatters */,
				73D3C41C1FE99D550028FF0C /* OSUResearchMattersTests */,
				73D3C4271FE99D550028FF0C /* OSUResearchMattersUITests */,
			);
		};
/* End PBXProject section */

/* Begin PBXResourcesBuildPhase section */
		73D3C4051FE99D550028FF0C /* Resources */ = {
			isa = PBXResourcesBuildPhase;
			buildActionMask = 2147483647;
			files = (
				73D3C4171FE99D550028FF0C /* LaunchScreen.storyboard in Resources */,
				73D3C4141FE99D550028FF0C /* Assets.xcassets in Resources */,
				73D3C4121FE99D550028FF0C /* Main.storyboard in Resources */,
			);
			runOnlyForDeploymentPostprocessing = 0;
		};
		73D3C41B1FE99D550028FF0C /* Resources */ = {
			isa = PBXResourcesBuildPhase;
			buildActionMask = 2147483647;
			files = (
			);
			runOnlyForDeploymentPostprocessing = 0;
		};
		73D3C4261FE99D550028FF0C /* Resources */ = {
			isa = PBXResourcesBuildPhase;
			buildActionMask = 2147483647;
			files = (
			);
			runOnlyForDeploymentPostprocessing = 0;
		};
/* End PBXResourcesBuildPhase section */

/* Begin PBXShellScriptBuildPhase section */
		06014D1B5684C4F23DEED793 /* [CP] Embed Pods Frameworks */ = {
			isa = PBXShellScriptBuildPhase;
			buildActionMask = 2147483647;
			files = (
			);
			inputPaths = (
				"${SRCROOT}/Pods/Target Support Files/Pods-OSUResearchMatters/Pods-OSUResearchMatters-frameworks.sh",
				"${BUILT_PRODUCTS_DIR}/Alamofire/Alamofire.framework",
				"${BUILT_PRODUCTS_DIR}/AlamofireImage/AlamofireImage.framework",
				"${BUILT_PRODUCTS_DIR}/SWXMLHash/SWXMLHash.framework",
				"${BUILT_PRODUCTS_DIR}/SnapKit/SnapKit.framework",
			);
			name = "[CP] Embed Pods Frameworks";
			outputPaths = (
				"${TARGET_BUILD_DIR}/${FRAMEWORKS_FOLDER_PATH}/Alamofire.framework",
				"${TARGET_BUILD_DIR}/${FRAMEWORKS_FOLDER_PATH}/AlamofireImage.framework",
				"${TARGET_BUILD_DIR}/${FRAMEWORKS_FOLDER_PATH}/SWXMLHash.framework",
				"${TARGET_BUILD_DIR}/${FRAMEWORKS_FOLDER_PATH}/SnapKit.framework",
			);
			runOnlyForDeploymentPostprocessing = 0;
			shellPath = /bin/sh;
			shellScript = "\"${SRCROOT}/Pods/Target Support Files/Pods-OSUResearchMatters/Pods-OSUResearchMatters-frameworks.sh\"\n";
			showEnvVarsInLog = 0;
		};
		1978D8CF6C7983C194E96E1C /* [CP] Copy Pods Resources */ = {
			isa = PBXShellScriptBuildPhase;
			buildActionMask = 2147483647;
			files = (
			);
			inputPaths = (
			);
			name = "[CP] Copy Pods Resources";
			outputPaths = (
			);
			runOnlyForDeploymentPostprocessing = 0;
			shellPath = /bin/sh;
			shellScript = "\"${SRCROOT}/Pods/Target Support Files/Pods-OSUResearchMatters/Pods-OSUResearchMatters-resources.sh\"\n";
			showEnvVarsInLog = 0;
		};
		291F20C08B16C4577E205485 /* [CP] Check Pods Manifest.lock */ = {
			isa = PBXShellScriptBuildPhase;
			buildActionMask = 2147483647;
			files = (
			);
			inputPaths = (
				"${PODS_PODFILE_DIR_PATH}/Podfile.lock",
				"${PODS_ROOT}/Manifest.lock",
			);
			name = "[CP] Check Pods Manifest.lock";
			outputPaths = (
				"$(DERIVED_FILE_DIR)/Pods-OSUResearchMatters-checkManifestLockResult.txt",
			);
			runOnlyForDeploymentPostprocessing = 0;
			shellPath = /bin/sh;
			shellScript = "diff \"${PODS_PODFILE_DIR_PATH}/Podfile.lock\" \"${PODS_ROOT}/Manifest.lock\" > /dev/null\nif [ $? != 0 ] ; then\n    # print error to STDERR\n    echo \"error: The sandbox is not in sync with the Podfile.lock. Run 'pod install' or update your CocoaPods installation.\" >&2\n    exit 1\nfi\n# This output is used by Xcode 'outputs' to avoid re-running this script phase.\necho \"SUCCESS\" > \"${SCRIPT_OUTPUT_FILE_0}\"\n";
			showEnvVarsInLog = 0;
		};
		2E017F46E38085DBDFD3955F /* [CP] Copy Pods Resources */ = {
			isa = PBXShellScriptBuildPhase;
			buildActionMask = 2147483647;
			files = (
			);
			inputPaths = (
			);
			name = "[CP] Copy Pods Resources";
			outputPaths = (
			);
			runOnlyForDeploymentPostprocessing = 0;
			shellPath = /bin/sh;
			shellScript = "\"${SRCROOT}/Pods/Target Support Files/Pods-OSUResearchMattersTests/Pods-OSUResearchMattersTests-resources.sh\"\n";
			showEnvVarsInLog = 0;
		};
		308D7B73F6F608F3434BC45C /* [CP] Embed Pods Frameworks */ = {
			isa = PBXShellScriptBuildPhase;
			buildActionMask = 2147483647;
			files = (
			);
			inputPaths = (
			);
			name = "[CP] Embed Pods Frameworks";
			outputPaths = (
			);
			runOnlyForDeploymentPostprocessing = 0;
			shellPath = /bin/sh;
			shellScript = "\"${SRCROOT}/Pods/Target Support Files/Pods-OSUResearchMattersUITests/Pods-OSUResearchMattersUITests-frameworks.sh\"\n";
			showEnvVarsInLog = 0;
		};
		598DA41F59E3775ECCE1893D /* [CP] Check Pods Manifest.lock */ = {
			isa = PBXShellScriptBuildPhase;
			buildActionMask = 2147483647;
			files = (
			);
			inputPaths = (
				"${PODS_PODFILE_DIR_PATH}/Podfile.lock",
				"${PODS_ROOT}/Manifest.lock",
			);
			name = "[CP] Check Pods Manifest.lock";
			outputPaths = (
				"$(DERIVED_FILE_DIR)/Pods-OSUResearchMattersUITests-checkManifestLockResult.txt",
			);
			runOnlyForDeploymentPostprocessing = 0;
			shellPath = /bin/sh;
			shellScript = "diff \"${PODS_PODFILE_DIR_PATH}/Podfile.lock\" \"${PODS_ROOT}/Manifest.lock\" > /dev/null\nif [ $? != 0 ] ; then\n    # print error to STDERR\n    echo \"error: The sandbox is not in sync with the Podfile.lock. Run 'pod install' or update your CocoaPods installation.\" >&2\n    exit 1\nfi\n# This output is used by Xcode 'outputs' to avoid re-running this script phase.\necho \"SUCCESS\" > \"${SCRIPT_OUTPUT_FILE_0}\"\n";
			showEnvVarsInLog = 0;
		};
		5BD413E64E17F29F8F6472F3 /* [CP] Embed Pods Frameworks */ = {
			isa = PBXShellScriptBuildPhase;
			buildActionMask = 2147483647;
			files = (
			);
			inputPaths = (
			);
			name = "[CP] Embed Pods Frameworks";
			outputPaths = (
			);
			runOnlyForDeploymentPostprocessing = 0;
			shellPath = /bin/sh;
			shellScript = "\"${SRCROOT}/Pods/Target Support Files/Pods-OSUResearchMattersTests/Pods-OSUResearchMattersTests-frameworks.sh\"\n";
			showEnvVarsInLog = 0;
		};
		5DF36AD50AFF93F2EF99848E /* [CP] Check Pods Manifest.lock */ = {
			isa = PBXShellScriptBuildPhase;
			buildActionMask = 2147483647;
			files = (
			);
			inputPaths = (
				"${PODS_PODFILE_DIR_PATH}/Podfile.lock",
				"${PODS_ROOT}/Manifest.lock",
			);
			name = "[CP] Check Pods Manifest.lock";
			outputPaths = (
				"$(DERIVED_FILE_DIR)/Pods-OSUResearchMattersTests-checkManifestLockResult.txt",
			);
			runOnlyForDeploymentPostprocessing = 0;
			shellPath = /bin/sh;
			shellScript = "diff \"${PODS_PODFILE_DIR_PATH}/Podfile.lock\" \"${PODS_ROOT}/Manifest.lock\" > /dev/null\nif [ $? != 0 ] ; then\n    # print error to STDERR\n    echo \"error: The sandbox is not in sync with the Podfile.lock. Run 'pod install' or update your CocoaPods installation.\" >&2\n    exit 1\nfi\n# This output is used by Xcode 'outputs' to avoid re-running this script phase.\necho \"SUCCESS\" > \"${SCRIPT_OUTPUT_FILE_0}\"\n";
			showEnvVarsInLog = 0;
		};
		64E518AB1249B59E1AD43A2F /* [CP] Copy Pods Resources */ = {
			isa = PBXShellScriptBuildPhase;
			buildActionMask = 2147483647;
			files = (
			);
			inputPaths = (
			);
			name = "[CP] Copy Pods Resources";
			outputPaths = (
			);
			runOnlyForDeploymentPostprocessing = 0;
			shellPath = /bin/sh;
			shellScript = "\"${SRCROOT}/Pods/Target Support Files/Pods-OSUResearchMattersUITests/Pods-OSUResearchMattersUITests-resources.sh\"\n";
			showEnvVarsInLog = 0;
		};
/* End PBXShellScriptBuildPhase section */

/* Begin PBXSourcesBuildPhase section */
		73D3C4031FE99D550028FF0C /* Sources */ = {
			isa = PBXSourcesBuildPhase;
			buildActionMask = 2147483647;
			files = (
				73C0BD381FEF06D300DED67E /* CSwiftV.swift in Sources */,
				73DDB1962002CF85004F579B /* Contact.swift in Sources */,
				73C0BD371FEF06D300DED67E /* Event.swift in Sources */,
				73BFC34F1FF42D5300BB1C11 /* EventsTableViewCell.swift in Sources */,
				73C0BCE51FEEED6800DED67E /* WebViewViewController.swift in Sources */,
				73B4FA761FFD9479004828EB /* CalendarDetailTableViewCell.swift in Sources */,
				73DDB1942002CDF3004F579B /* ContactsViewController.swift in Sources */,
				73D3C4461FE9B4C20028FF0C /* Article.swift in Sources */,
				73D3C43B1FE9B1B10028FF0C /* NewsFeedTableViewController.swift in Sources */,
				732E75251FEC528A00C52600 /* NewsFeedTableViewCell.swift in Sources */,
				73C0BD3A1FEF06D300DED67E /* CSVDataManager.swift in Sources */,
				737474581FFEED40005396DE /* ColorCode.swift in Sources */,
				73D3C40B1FE99D550028FF0C /* AppDelegate.swift in Sources */,
				73DDB1982002D0CE004F579B /* ContactInfoViewController.swift in Sources */,
				73D3C4481FE9B7690028FF0C /* Utilities.swift in Sources */,
				73B4FA721FFC5151004828EB /* CalendarDetailViewController.swift in Sources */,
				73D3C4551FE9C7150028FF0C /* DataDownloader.swift in Sources */,
				73BFC34D1FF428C300BB1C11 /* DayTableViewCell.swift in Sources */,
				73BFC34A1FF424F800BB1C11 /* CalendarTableViewController.swift in Sources */,
				73BFC3581FF5BFDA00BB1C11 /* ConsolePrintManager.swift in Sources */,
			);
			runOnlyForDeploymentPostprocessing = 0;
		};
		73D3C4191FE99D550028FF0C /* Sources */ = {
			isa = PBXSourcesBuildPhase;
			buildActionMask = 2147483647;
			files = (
				73D3C4221FE99D550028FF0C /* OSUResearchMattersTests.swift in Sources */,
			);
			runOnlyForDeploymentPostprocessing = 0;
		};
		73D3C4241FE99D550028FF0C /* Sources */ = {
			isa = PBXSourcesBuildPhase;
			buildActionMask = 2147483647;
			files = (
				73D3C42D1FE99D550028FF0C /* OSUResearchMattersUITests.swift in Sources */,
			);
			runOnlyForDeploymentPostprocessing = 0;
		};
/* End PBXSourcesBuildPhase section */

/* Begin PBXTargetDependency section */
		73D3C41F1FE99D550028FF0C /* PBXTargetDependency */ = {
			isa = PBXTargetDependency;
			target = 73D3C4061FE99D550028FF0C /* OSUResearchMatters */;
			targetProxy = 73D3C41E1FE99D550028FF0C /* PBXContainerItemProxy */;
		};
		73D3C42A1FE99D550028FF0C /* PBXTargetDependency */ = {
			isa = PBXTargetDependency;
			target = 73D3C4061FE99D550028FF0C /* OSUResearchMatters */;
			targetProxy = 73D3C4291FE99D550028FF0C /* PBXContainerItemProxy */;
		};
/* End PBXTargetDependency section */

/* Begin PBXVariantGroup section */
		73D3C4101FE99D550028FF0C /* Main.storyboard */ = {
			isa = PBXVariantGroup;
			children = (
				73D3C4111FE99D550028FF0C /* Base */,
			);
			name = Main.storyboard;
			sourceTree = "<group>";
		};
		73D3C4151FE99D550028FF0C /* LaunchScreen.storyboard */ = {
			isa = PBXVariantGroup;
			children = (
				73D3C4161FE99D550028FF0C /* Base */,
			);
			name = LaunchScreen.storyboard;
			sourceTree = "<group>";
		};
/* End PBXVariantGroup section */

/* Begin XCBuildConfiguration section */
		73D3C42F1FE99D550028FF0C /* Debug */ = {
			isa = XCBuildConfiguration;
			buildSettings = {
				ALWAYS_SEARCH_USER_PATHS = NO;
				CLANG_ANALYZER_NONNULL = YES;
				CLANG_ANALYZER_NUMBER_OBJECT_CONVERSION = YES_AGGRESSIVE;
				CLANG_CXX_LANGUAGE_STANDARD = "gnu++14";
				CLANG_CXX_LIBRARY = "libc++";
				CLANG_ENABLE_MODULES = YES;
				CLANG_ENABLE_OBJC_ARC = YES;
				CLANG_WARN_BLOCK_CAPTURE_AUTORELEASING = YES;
				CLANG_WARN_BOOL_CONVERSION = YES;
				CLANG_WARN_COMMA = YES;
				CLANG_WARN_CONSTANT_CONVERSION = YES;
				CLANG_WARN_DIRECT_OBJC_ISA_USAGE = YES_ERROR;
				CLANG_WARN_DOCUMENTATION_COMMENTS = YES;
				CLANG_WARN_EMPTY_BODY = YES;
				CLANG_WARN_ENUM_CONVERSION = YES;
				CLANG_WARN_INFINITE_RECURSION = YES;
				CLANG_WARN_INT_CONVERSION = YES;
				CLANG_WARN_NON_LITERAL_NULL_CONVERSION = YES;
				CLANG_WARN_OBJC_LITERAL_CONVERSION = YES;
				CLANG_WARN_OBJC_ROOT_CLASS = YES_ERROR;
				CLANG_WARN_RANGE_LOOP_ANALYSIS = YES;
				CLANG_WARN_STRICT_PROTOTYPES = YES;
				CLANG_WARN_SUSPICIOUS_MOVE = YES;
				CLANG_WARN_UNGUARDED_AVAILABILITY = YES_AGGRESSIVE;
				CLANG_WARN_UNREACHABLE_CODE = YES;
				CLANG_WARN__DUPLICATE_METHOD_MATCH = YES;
				CODE_SIGN_IDENTITY = "iPhone Developer";
				COPY_PHASE_STRIP = NO;
				DEBUG_INFORMATION_FORMAT = dwarf;
				ENABLE_STRICT_OBJC_MSGSEND = YES;
				ENABLE_TESTABILITY = YES;
				GCC_C_LANGUAGE_STANDARD = gnu11;
				GCC_DYNAMIC_NO_PIC = NO;
				GCC_NO_COMMON_BLOCKS = YES;
				GCC_OPTIMIZATION_LEVEL = 0;
				GCC_PREPROCESSOR_DEFINITIONS = (
					"DEBUG=1",
					"$(inherited)",
				);
				GCC_WARN_64_TO_32_BIT_CONVERSION = YES;
				GCC_WARN_ABOUT_RETURN_TYPE = YES_ERROR;
				GCC_WARN_UNDECLARED_SELECTOR = YES;
				GCC_WARN_UNINITIALIZED_AUTOS = YES_AGGRESSIVE;
				GCC_WARN_UNUSED_FUNCTION = YES;
				GCC_WARN_UNUSED_VARIABLE = YES;
				IPHONEOS_DEPLOYMENT_TARGET = 11.2;
				MTL_ENABLE_DEBUG_INFO = YES;
				ONLY_ACTIVE_ARCH = YES;
				SDKROOT = iphoneos;
				SWIFT_ACTIVE_COMPILATION_CONDITIONS = DEBUG;
				SWIFT_OPTIMIZATION_LEVEL = "-Onone";
			};
			name = Debug;
		};
		73D3C4301FE99D550028FF0C /* Release */ = {
			isa = XCBuildConfiguration;
			buildSettings = {
				ALWAYS_SEARCH_USER_PATHS = NO;
				CLANG_ANALYZER_NONNULL = YES;
				CLANG_ANALYZER_NUMBER_OBJECT_CONVERSION = YES_AGGRESSIVE;
				CLANG_CXX_LANGUAGE_STANDARD = "gnu++14";
				CLANG_CXX_LIBRARY = "libc++";
				CLANG_ENABLE_MODULES = YES;
				CLANG_ENABLE_OBJC_ARC = YES;
				CLANG_WARN_BLOCK_CAPTURE_AUTORELEASING = YES;
				CLANG_WARN_BOOL_CONVERSION = YES;
				CLANG_WARN_COMMA = YES;
				CLANG_WARN_CONSTANT_CONVERSION = YES;
				CLANG_WARN_DIRECT_OBJC_ISA_USAGE = YES_ERROR;
				CLANG_WARN_DOCUMENTATION_COMMENTS = YES;
				CLANG_WARN_EMPTY_BODY = YES;
				CLANG_WARN_ENUM_CONVERSION = YES;
				CLANG_WARN_INFINITE_RECURSION = YES;
				CLANG_WARN_INT_CONVERSION = YES;
				CLANG_WARN_NON_LITERAL_NULL_CONVERSION = YES;
				CLANG_WARN_OBJC_LITERAL_CONVERSION = YES;
				CLANG_WARN_OBJC_ROOT_CLASS = YES_ERROR;
				CLANG_WARN_RANGE_LOOP_ANALYSIS = YES;
				CLANG_WARN_STRICT_PROTOTYPES = YES;
				CLANG_WARN_SUSPICIOUS_MOVE = YES;
				CLANG_WARN_UNGUARDED_AVAILABILITY = YES_AGGRESSIVE;
				CLANG_WARN_UNREACHABLE_CODE = YES;
				CLANG_WARN__DUPLICATE_METHOD_MATCH = YES;
				CODE_SIGN_IDENTITY = "iPhone Developer";
				COPY_PHASE_STRIP = NO;
				DEBUG_INFORMATION_FORMAT = "dwarf-with-dsym";
				ENABLE_NS_ASSERTIONS = NO;
				ENABLE_STRICT_OBJC_MSGSEND = YES;
				GCC_C_LANGUAGE_STANDARD = gnu11;
				GCC_NO_COMMON_BLOCKS = YES;
				GCC_WARN_64_TO_32_BIT_CONVERSION = YES;
				GCC_WARN_ABOUT_RETURN_TYPE = YES_ERROR;
				GCC_WARN_UNDECLARED_SELECTOR = YES;
				GCC_WARN_UNINITIALIZED_AUTOS = YES_AGGRESSIVE;
				GCC_WARN_UNUSED_FUNCTION = YES;
				GCC_WARN_UNUSED_VARIABLE = YES;
				IPHONEOS_DEPLOYMENT_TARGET = 11.2;
				MTL_ENABLE_DEBUG_INFO = NO;
				SDKROOT = iphoneos;
				SWIFT_OPTIMIZATION_LEVEL = "-Owholemodule";
				VALIDATE_PRODUCT = YES;
			};
			name = Release;
		};
		73D3C4321FE99D550028FF0C /* Debug */ = {
			isa = XCBuildConfiguration;
			baseConfigurationReference = D314867AF9E61BCBC1754C3C /* Pods-OSUResearchMatters.debug.xcconfig */;
			buildSettings = {
				ASSETCATALOG_COMPILER_APPICON_NAME = AppIcon;
				CODE_SIGN_STYLE = Automatic;
				DEVELOPMENT_TEAM = 5UM5ZRED5X;
				FRAMEWORK_SEARCH_PATHS = (
					"$(inherited)",
					"$(PROJECT_DIR)/OSUResearchMatters",
				);
				INFOPLIST_FILE = OSUResearchMatters/Info.plist;
				LD_RUNPATH_SEARCH_PATHS = "$(inherited) @executable_path/Frameworks";
				PRODUCT_BUNDLE_IDENTIFIER = edu.okstate.OSUResearchMatters;
				PRODUCT_NAME = "$(TARGET_NAME)";
				SWIFT_VERSION = 4.0;
				TARGETED_DEVICE_FAMILY = "1,2";
			};
			name = Debug;
		};
		73D3C4331FE99D550028FF0C /* Release */ = {
			isa = XCBuildConfiguration;
			baseConfigurationReference = 1E0BEC770930F03F770FCE2D /* Pods-OSUResearchMatters.release.xcconfig */;
			buildSettings = {
				ASSETCATALOG_COMPILER_APPICON_NAME = AppIcon;
				CODE_SIGN_STYLE = Automatic;
				DEVELOPMENT_TEAM = 5UM5ZRED5X;
				FRAMEWORK_SEARCH_PATHS = (
					"$(inherited)",
					"$(PROJECT_DIR)/OSUResearchMatters",
				);
				INFOPLIST_FILE = OSUResearchMatters/Info.plist;
				LD_RUNPATH_SEARCH_PATHS = "$(inherited) @executable_path/Frameworks";
				PRODUCT_BUNDLE_IDENTIFIER = edu.okstate.OSUResearchMatters;
				PRODUCT_NAME = "$(TARGET_NAME)";
				SWIFT_VERSION = 4.0;
				TARGETED_DEVICE_FAMILY = "1,2";
			};
			name = Release;
		};
		73D3C4351FE99D550028FF0C /* Debug */ = {
			isa = XCBuildConfiguration;
			baseConfigurationReference = 460C71F91177192A00731A67 /* Pods-OSUResearchMattersTests.debug.xcconfig */;
			buildSettings = {
				ALWAYS_EMBED_SWIFT_STANDARD_LIBRARIES = YES;
				BUNDLE_LOADER = "$(TEST_HOST)";
				CODE_SIGN_STYLE = Automatic;
				DEVELOPMENT_TEAM = 5UM5ZRED5X;
				INFOPLIST_FILE = OSUResearchMattersTests/Info.plist;
				LD_RUNPATH_SEARCH_PATHS = "$(inherited) @executable_path/Frameworks @loader_path/Frameworks";
				PRODUCT_BUNDLE_IDENTIFIER = edu.okstate.OSUResearchMattersTests;
				PRODUCT_NAME = "$(TARGET_NAME)";
				SWIFT_VERSION = 4.0;
				TARGETED_DEVICE_FAMILY = "1,2";
				TEST_HOST = "$(BUILT_PRODUCTS_DIR)/OSUResearchMatters.app/OSUResearchMatters";
			};
			name = Debug;
		};
		73D3C4361FE99D550028FF0C /* Release */ = {
			isa = XCBuildConfiguration;
			baseConfigurationReference = 262099079EC8F1C1C81F1024 /* Pods-OSUResearchMattersTests.release.xcconfig */;
			buildSettings = {
				ALWAYS_EMBED_SWIFT_STANDARD_LIBRARIES = YES;
				BUNDLE_LOADER = "$(TEST_HOST)";
				CODE_SIGN_STYLE = Automatic;
				DEVELOPMENT_TEAM = 5UM5ZRED5X;
				INFOPLIST_FILE = OSUResearchMattersTests/Info.plist;
				LD_RUNPATH_SEARCH_PATHS = "$(inherited) @executable_path/Frameworks @loader_path/Frameworks";
				PRODUCT_BUNDLE_IDENTIFIER = edu.okstate.OSUResearchMattersTests;
				PRODUCT_NAME = "$(TARGET_NAME)";
				SWIFT_VERSION = 4.0;
				TARGETED_DEVICE_FAMILY = "1,2";
				TEST_HOST = "$(BUILT_PRODUCTS_DIR)/OSUResearchMatters.app/OSUResearchMatters";
			};
			name = Release;
		};
		73D3C4381FE99D550028FF0C /* Debug */ = {
			isa = XCBuildConfiguration;
			baseConfigurationReference = 3BEF5CF493B43CEF8A2D5A69 /* Pods-OSUResearchMattersUITests.debug.xcconfig */;
			buildSettings = {
				ALWAYS_EMBED_SWIFT_STANDARD_LIBRARIES = YES;
				CODE_SIGN_STYLE = Automatic;
				DEVELOPMENT_TEAM = 5UM5ZRED5X;
				INFOPLIST_FILE = OSUResearchMattersUITests/Info.plist;
				LD_RUNPATH_SEARCH_PATHS = "$(inherited) @executable_path/Frameworks @loader_path/Frameworks";
				PRODUCT_BUNDLE_IDENTIFIER = edu.okstate.OSUResearchMattersUITests;
				PRODUCT_NAME = "$(TARGET_NAME)";
				SWIFT_VERSION = 4.0;
				TARGETED_DEVICE_FAMILY = "1,2";
				TEST_TARGET_NAME = OSUResearchMatters;
			};
			name = Debug;
		};
		73D3C4391FE99D550028FF0C /* Release */ = {
			isa = XCBuildConfiguration;
			baseConfigurationReference = 95A23C96D0A4F3A738EBFD74 /* Pods-OSUResearchMattersUITests.release.xcconfig */;
			buildSettings = {
				ALWAYS_EMBED_SWIFT_STANDARD_LIBRARIES = YES;
				CODE_SIGN_STYLE = Automatic;
				DEVELOPMENT_TEAM = 5UM5ZRED5X;
				INFOPLIST_FILE = OSUResearchMattersUITests/Info.plist;
				LD_RUNPATH_SEARCH_PATHS = "$(inherited) @executable_path/Frameworks @loader_path/Frameworks";
				PRODUCT_BUNDLE_IDENTIFIER = edu.okstate.OSUResearchMattersUITests;
				PRODUCT_NAME = "$(TARGET_NAME)";
				SWIFT_VERSION = 4.0;
				TARGETED_DEVICE_FAMILY = "1,2";
				TEST_TARGET_NAME = OSUResearchMatters;
			};
			name = Release;
		};
/* End XCBuildConfiguration section */

/* Begin XCConfigurationList section */
		73D3C4021FE99D550028FF0C /* Build configuration list for PBXProject "OSUResearchMatters" */ = {
			isa = XCConfigurationList;
			buildConfigurations = (
				73D3C42F1FE99D550028FF0C /* Debug */,
				73D3C4301FE99D550028FF0C /* Release */,
			);
			defaultConfigurationIsVisible = 0;
			defaultConfigurationName = Release;
		};
		73D3C4311FE99D550028FF0C /* Build configuration list for PBXNativeTarget "OSUResearchMatters" */ = {
			isa = XCConfigurationList;
			buildConfigurations = (
				73D3C4321FE99D550028FF0C /* Debug */,
				73D3C4331FE99D550028FF0C /* Release */,
			);
			defaultConfigurationIsVisible = 0;
			defaultConfigurationName = Release;
		};
		73D3C4341FE99D550028FF0C /* Build configuration list for PBXNativeTarget "OSUResearchMattersTests" */ = {
			isa = XCConfigurationList;
			buildConfigurations = (
				73D3C4351FE99D550028FF0C /* Debug */,
				73D3C4361FE99D550028FF0C /* Release */,
			);
			defaultConfigurationIsVisible = 0;
			defaultConfigurationName = Release;
		};
		73D3C4371FE99D550028FF0C /* Build configuration list for PBXNativeTarget "OSUResearchMattersUITests" */ = {
			isa = XCConfigurationList;
			buildConfigurations = (
				73D3C4381FE99D550028FF0C /* Debug */,
				73D3C4391FE99D550028FF0C /* Release */,
			);
			defaultConfigurationIsVisible = 0;
			defaultConfigurationName = Release;
		};
/* End XCConfigurationList section */
	};
	rootObject = 73D3C3FF1FE99D550028FF0C /* Project object */;
}
